
Microsoft Visual Studio Solution File, Format Version 12.00
# Visual Studio 14
VisualStudioVersion = 14.0.25420.1
MinimumVisualStudioVersion = 10.0.40219.1
Project("{FAE04EC0-301F-11D3-BF4B-00C04F79EFBC}") = "DBUtility", "DBUtility\DBUtility.csproj", "{0EC98648-67F8-4F5F-A49D-FA5BEF88BC64}"
EndProject
Project("{FAE04EC0-301F-11D3-BF4B-00C04F79EFBC}") = "DitingWFCService", "DitingWCFService\DitingWFCService.csproj", "{3907C205-1D09-4CBC-B698-BDE1F35D3D50}"
EndProject
Project("{FAE04EC0-301F-11D3-BF4B-00C04F79EFBC}") = "Common", "Common\Common.csproj", "{C91099F5-9388-40A8-8F22-75EDA7ED6250}"
EndProject
Global
	GlobalSection(SolutionConfigurationPlatforms) = preSolution
		Debug|Any CPU = Debug|Any CPU
		Debug|x86 = Debug|x86
		Release|Any CPU = Release|Any CPU
		Release|x86 = Release|x86
	EndGlobalSection
	GlobalSection(ProjectConfigurationPlatforms) = postSolution
		{0EC98648-67F8-4F5F-A49D-FA5BEF88BC64}.Debug|Any CPU.ActiveCfg = Debug|Any CPU
		{0EC98648-67F8-4F5F-A49D-FA5BEF88BC64}.Debug|Any CPU.Build.0 = Debug|Any CPU
		{0EC98648-67F8-4F5F-A49D-FA5BEF88BC64}.Debug|x86.ActiveCfg = Debug|Any CPU
		{0EC98648-67F8-4F5F-A49D-FA5BEF88BC64}.Debug|x86.Build.0 = Debug|Any CPU
		{0EC98648-67F8-4F5F-A49D-FA5BEF88BC64}.Release|Any CPU.ActiveCfg = Release|Any CPU
		{0EC98648-67F8-4F5F-A49D-FA5BEF88BC64}.Release|Any CPU.Build.0 = Release|Any CPU
		{0EC98648-67F8-4F5F-A49D-FA5BEF88BC64}.Release|x86.ActiveCfg = Release|Any CPU
		{0EC98648-67F8-4F5F-A49D-FA5BEF88BC64}.Release|x86.Build.0 = Release|Any CPU
		{3907C205-1D09-4CBC-B698-BDE1F35D3D50}.Debug|Any CPU.ActiveCfg = Debug|Any CPU
		{3907C205-1D09-4CBC-B698-BDE1F35D3D50}.Debug|Any CPU.Build.0 = Debug|Any CPU
		{3907C205-1D09-4CBC-B698-BDE1F35D3D50}.Debug|x86.ActiveCfg = Debug|Any CPU
		{3907C205-1D09-4CBC-B698-BDE1F35D3D50}.Debug|x86.Build.0 = Debug|Any CPU
		{3907C205-1D09-4CBC-B698-BDE1F35D3D50}.Release|Any CPU.ActiveCfg = Release|Any CPU
		{3907C205-1D09-4CBC-B698-BDE1F35D3D50}.Release|Any CPU.Build.0 = Release|Any CPU
		{3907C205-1D09-4CBC-B698-BDE1F35D3D50}.Release|x86.ActiveCfg = Release|Any CPU
		{3907C205-1D09-4CBC-B698-BDE1F35D3D50}.Release|x86.Build.0 = Release|Any CPU
		{C91099F5-9388-40A8-8F22-75EDA7ED6250}.Debug|Any CPU.ActiveCfg = Debug|Any CPU
		{C91099F5-9388-40A8-8F22-75EDA7ED6250}.Debug|Any CPU.Build.0 = Debug|Any CPU
		{C91099F5-9388-40A8-8F22-75EDA7ED6250}.Debug|x86.ActiveCfg = Debug|Any CPU
		{C91099F5-9388-40A8-8F22-75EDA7ED6250}.Debug|x86.Build.0 = Debug|Any CPU
		{C91099F5-9388-40A8-8F22-75EDA7ED6250}.Release|Any CPU.ActiveCfg = Release|Any CPU
		{C91099F5-9388-40A8-8F22-75EDA7ED6250}.Release|Any CPU.Build.0 = Release|Any CPU
		{C91099F5-9388-40A8-8F22-75EDA7ED6250}.Release|x86.ActiveCfg = Release|Any CPU
		{C91099F5-9388-40A8-8F22-75EDA7ED6250}.Release|x86.Build.0 = Release|Any CPU
	EndGlobalSection
	GlobalSection(SolutionProperties) = preSolution
		HideSolutionNode = FALSE
	EndGlobalSection
EndGlobal
